<?xml version="1.0" encoding="utf-8"?>
<Project ToolsVersion="4.0" xmlns="http://schemas.microsoft.com/developer/msbuild/2003">
  <ItemGroup>
    <Filter Include="Walnut">
      <UniqueIdentifier>{C038E8D9-ACDA-12B0-9595-260481D69900}</UniqueIdentifier>
    </Filter>
    <Filter Include="Walnut\Events">
      <UniqueIdentifier>{A48C4E08-104D-CA3E-D987-13BC45070F1B}</UniqueIdentifier>
    </Filter>
    <Filter Include="Walnut\ImGui">
      <UniqueIdentifier>{EA3DE893-D6A0-7738-7F26-B0EE6B6843BB}</UniqueIdentifier>
    </Filter>
    <Filter Include="Walnut\Platform">
      <UniqueIdentifier>{144D4272-80D8-AF36-89E9-322BF5F30B37}</UniqueIdentifier>
    </Filter>
    <Filter Include="Walnut\Platform\OpenGL">
      <UniqueIdentifier>{C8F78A38-B4F1-B38A-9D5E-4A9B89F719F7}</UniqueIdentifier>
    </Filter>
    <Filter Include="Walnut\Platform\Windows">
      <UniqueIdentifier>{4ECB05A2-BA02-4E39-C30C-B25C2FC37432}</UniqueIdentifier>
    </Filter>
  </ItemGroup>
  <ItemGroup>
    <ClInclude Include="src\Walnut.h" />
    <ClInclude Include="src\Walnut\Application.h">
      <Filter>Walnut</Filter>
    </ClInclude>
    <ClInclude Include="src\Walnut\Core.h">
      <Filter>Walnut</Filter>
    </ClInclude>
    <ClInclude Include="src\Walnut\EntryPoint.h">
      <Filter>Walnut</Filter>
    </ClInclude>
    <ClInclude Include="src\Walnut\Events\ApplicationEvent.h">
      <Filter>Walnut\Events</Filter>
    </ClInclude>
    <ClInclude Include="src\Walnut\Events\Event.h">
      <Filter>Walnut\Events</Filter>
    </ClInclude>
    <ClInclude Include="src\Walnut\Events\KeyEvent.h">
      <Filter>Walnut\Events</Filter>
    </ClInclude>
    <ClInclude Include="src\Walnut\Events\MouseEvent.h">
      <Filter>Walnut\Events</Filter>
    </ClInclude>
    <ClInclude Include="src\Walnut\ImGui\ImGuiLayer.h">
      <Filter>Walnut\ImGui</Filter>
    </ClInclude>
    <ClInclude Include="src\Walnut\Layer.h">
      <Filter>Walnut</Filter>
    </ClInclude>
    <ClInclude Include="src\Walnut\LayerStack.h">
      <Filter>Walnut</Filter>
    </ClInclude>
    <ClInclude Include="src\Walnut\Log.h">
      <Filter>Walnut</Filter>
    </ClInclude>
    <ClInclude Include="src\Walnut\Platform\OpenGL\ImGuiOpenGLRenderer.h">
      <Filter>Walnut\Platform\OpenGL</Filter>
    </ClInclude>
    <ClInclude Include="src\Walnut\Platform\Windows\WindowsWindow.h">
      <Filter>Walnut\Platform\Windows</Filter>
    </ClInclude>
    <ClInclude Include="src\Walnut\Window.h">
      <Filter>Walnut</Filter>
    </ClInclude>
    <ClInclude Include="src\wnpch.h" />
    <ClInclude Include="src\Walnut\Input.h">
      <Filter>Walnut</Filter>
    </ClInclude>
    <ClInclude Include="src\Walnut\Platform\Windows\WindowsInput.h">
      <Filter>Walnut\Platform\Windows</Filter>
    </ClInclude>
  </ItemGroup>
  <ItemGroup>
    <ClCompile Include="src\Walnut\Application.cpp">
      <Filter>Walnut</Filter>
    </ClCompile>
    <ClCompile Include="src\Walnut\ImGui\ImGuiLayer.cpp">
      <Filter>Walnut\ImGui</Filter>
    </ClCompile>
    <ClCompile Include="src\Walnut\Layer.cpp">
      <Filter>Walnut</Filter>
    </ClCompile>
    <ClCompile Include="src\Walnut\LayerStack.cpp">
      <Filter>Walnut</Filter>
    </ClCompile>
    <ClCompile Include="src\Walnut\Log.cpp">
      <Filter>Walnut</Filter>
    </ClCompile>
    <ClCompile Include="src\Walnut\Platform\OpenGL\ImGuiOpenGLRenderer.cpp">
      <Filter>Walnut\Platform\OpenGL</Filter>
    </ClCompile>
    <ClCompile Include="src\Walnut\Platform\Windows\WindowsWindow.cpp">
      <Filter>Walnut\Platform\Windows</Filter>
    </ClCompile>
    <ClCompile Include="src\wnpch.cpp" />
    <ClCompile Include="src\Walnut\Platform\Windows\WindowsInput.cpp">
      <Filter>Walnut\Platform\Windows</Filter>
    </ClCompile>
  </ItemGroup>
</Project>